// !$*UTF8*$!
{
	archiveVersion = 1;
	classes = {
	};
	objectVersion = 50;
	objects = {

/* Begin PBXBuildFile section */
		FC03354D231DA5EE00B576D7 /* AppDelegate.swift in Sources */ = {isa = PBXBuildFile; fileRef = FC03354C231DA5EE00B576D7 /* AppDelegate.swift */; };
		FC03354F231DA5EE00B576D7 /* ViewController.swift in Sources */ = {isa = PBXBuildFile; fileRef = FC03354E231DA5EE00B576D7 /* ViewController.swift */; };
		FC033552231DA5EE00B576D7 /* Main.storyboard in Resources */ = {isa = PBXBuildFile; fileRef = FC033550231DA5EE00B576D7 /* Main.storyboard */; };
		FC033554231DA5EF00B576D7 /* Assets.xcassets in Resources */ = {isa = PBXBuildFile; fileRef = FC033553231DA5EF00B576D7 /* Assets.xcassets */; };
		FC033557231DA5EF00B576D7 /* LaunchScreen.storyboard in Resources */ = {isa = PBXBuildFile; fileRef = FC033555231DA5EF00B576D7 /* LaunchScreen.storyboard */; };
/* End PBXBuildFile section */

/* Begin PBXFileReference section */
		FC033549231DA5EE00B576D7 /* DollarsPerSecond.app */ = {isa = PBXFileReference; explicitFileType = wrapper.application; includeInIndex = 0; path = DollarsPerSecond.app; sourceTree = BUILT_PRODUCTS_DIR; };
		FC03354C231DA5EE00B576D7 /* AppDelegate.swift */ = {isa = PBXFileReference; lastKnownFileType = sourcecode.swift; path = AppDelegate.swift; sourceTree = "<group>"; };
		FC03354E231DA5EE00B576D7 /* ViewController.swift */ = {isa = PBXFileReference; lastKnownFileType = sourcecode.swift; path = ViewController.swift; sourceTree = "<group>"; };
		FC033551231DA5EE00B576D7 /* Base */ = {isa = PBXFileReference; lastKnownFileType = file.storyboard; name = Base; path = Base.lproj/Main.storyboard; sourceTree = "<group>"; };
		FC033553231DA5EF00B576D7 /* Assets.xcassets */ = {isa = PBXFileReference; lastKnownFileType = folder.assetcatalog; path = Assets.xcassets; sourceTree = "<group>"; };
		FC033556231DA5EF00B576D7 /* Base */ = {isa = PBXFileReference; lastKnownFileType = file.storyboard; name = Base; path = Base.lproj/LaunchScreen.storyboard; sourceTree = "<group>"; };
		FC033558231DA5EF00B576D7 /* Info.plist */ = {isa = PBXFileReference; lastKnownFileType = text.plist.xml; path = Info.plist; sourceTree = "<group>"; };
/* End PBXFileReference section */

/* Begin PBXFrameworksBuildPhase section */
		FC033546231DA5EE00B576D7 /* Frameworks */ = {
			isa = PBXFrameworksBuildPhase;
			buildActionMask = 2147483647;
			files = (
			);
			runOnlyForDeploymentPostprocessing = 0;
		};
/* End PBXFrameworksBuildPhase section */

/* Begin PBXGroup section */
		FC033540231DA5EE00B576D7 = {
			isa = PBXGroup;
			children = (
				FC03354B231DA5EE00B576D7 /* DollarsPerSecond */,
				FC03354A231DA5EE00B576D7 /* Products */,
			);
			sourceTree = "<group>";
		};
		FC03354A231DA5EE00B576D7 /* Products */ = {
			isa = PBXGroup;
			children = (
				FC033549231DA5EE00B576D7 /* DollarsPerSecond.app */,
			);
			name = Products;
			sourceTree = "<group>";
		};
		FC03354B231DA5EE00B576D7 /* DollarsPerSecond */ = {
			isa = PBXGroup;
			children = (
				FC03355F231DA60E00B576D7 /* Storyboards */,
				FC033560231DA61A00B576D7 /* View Controllers */,
				FC03355E231DA60700B576D7 /* Resources */,
			);
			path = DollarsPerSecond;
			sourceTree = "<group>";
		};
		FC03355E231DA60700B576D7 /* Resources */ = {
			isa = PBXGroup;
			children = (
				FC03354C231DA5EE00B576D7 /* AppDelegate.swift */,
				FC033553231DA5EF00B576D7 /* Assets.xcassets */,
				FC033555231DA5EF00B576D7 /* LaunchScreen.storyboard */,
				FC033558231DA5EF00B576D7 /* Info.plist */,
			);
			path = Resources;
			sourceTree = "<group>";
		};
		FC03355F231DA60E00B576D7 /* Storyboards */ = {
			isa = PBXGroup;
			children = (
				FC033550231DA5EE00B576D7 /* Main.storyboard */,
			);
			path = Storyboards;
			sourceTree = "<group>";
		};
		FC033560231DA61A00B576D7 /* View Controllers */ = {
			isa = PBXGroup;
			children = (
				FC03354E231DA5EE00B576D7 /* ViewController.swift */,
			);
			path = "View Controllers";
			sourceTree = "<group>";
		};
/* End PBXGroup section */

/* Begin PBXNativeTarget section */
		FC033548231DA5EE00B576D7 /* DollarsPerSecond */ = {
			isa = PBXNativeTarget;
			buildConfigurationList = FC03355B231DA5EF00B576D7 /* Build configuration list for PBXNativeTarget "DollarsPerSecond" */;
			buildPhases = (
				FC033545231DA5EE00B576D7 /* Sources */,
				FC033546231DA5EE00B576D7 /* Frameworks */,
				FC033547231DA5EE00B576D7 /* Resources */,
			);
			buildRules = (
			);
			dependencies = (
			);
			name = DollarsPerSecond;
			productName = DollarsPerSecond;
			productReference = FC033549231DA5EE00B576D7 /* DollarsPerSecond.app */;
			productType = "com.apple.product-type.application";
		};
/* End PBXNativeTarget section */

/* Begin PBXProject section */
		FC033541231DA5EE00B576D7 /* Project object */ = {
			isa = PBXProject;
			attributes = {
				LastSwiftUpdateCheck = 1030;
				LastUpgradeCheck = 1030;
				ORGANIZATIONNAME = "Kevin Tanner";
				TargetAttributes = {
					FC033548231DA5EE00B576D7 = {
						CreatedOnToolsVersion = 10.3;
					};
				};
			};
			buildConfigurationList = FC033544231DA5EE00B576D7 /* Build configuration list for PBXProject "DollarsPerSecond" */;
			compatibilityVersion = "Xcode 9.3";
			developmentRegion = en;
			hasScannedForEncodings = 0;
			knownRegions = (
				en,
				Base,
			);
			mainGroup = FC033540231DA5EE00B576D7;
			productRefGroup = FC03354A231DA5EE00B576D7 /* Products */;
			projectDirPath = "";
			projectRoot = "";
			targets = (
				FC033548231DA5EE00B576D7 /* DollarsPerSecond */,
			);
		};
/* End PBXProject section */

/* Begin PBXResourcesBuildPhase section */
		FC033547231DA5EE00B576D7 /* Resources */ = {
			isa = PBXResourcesBuildPhase;
			buildActionMask = 2147483647;
			files = (
				FC033557231DA5EF00B576D7 /* LaunchScreen.storyboard in Resources */,
				FC033554231DA5EF00B576D7 /* Assets.xcassets in Resources */,
				FC033552231DA5EE00B576D7 /* Main.storyboard in Resources */,
			);
			runOnlyForDeploymentPostprocessing = 0;
		};
/* End PBXResourcesBuildPhase section */

/* Begin PBXSourcesBuildPhase section */
		FC033545231DA5EE00B576D7 /* Sources */ = {
			isa = PBXSourcesBuildPhase;
			buildActionMask = 2147483647;
			files = (
				FC03354F231DA5EE00B576D7 /* ViewController.swift in Sources */,
				FC03354D231DA5EE00B576D7 /* AppDelegate.swift in Sources */,
			);
			runOnlyForDeploymentPostprocessing = 0;
		};
/* End PBXSourcesBuildPhase section */

/* Begin PBXVariantGroup section */
		FC033550231DA5EE00B576D7 /* Main.storyboard */ = {
			isa = PBXVariantGroup;
			children = (
				FC033551231DA5EE00B576D7 /* Base */,
			);
			name = Main.storyboard;
			sourceTree = "<group>";
		};
		FC033555231DA5EF00B576D7 /* LaunchScreen.storyboard */ = {
			isa = PBXVariantGroup;
			children = (
				FC033556231DA5EF00B576D7 /* Base */,
			);
			name = LaunchScreen.storyboard;
			sourceTree = "<group>";
		};
/* End PBXVariantGroup section */

/* Begin XCBuildConfiguration section */
		FC033559231DA5EF00B576D7 /* Debug */ = {
			isa = XCBuildConfiguration;
			buildSettings = {
				ALWAYS_SEARCH_USER_PATHS = NO;
				CLANG_ANALYZER_NONNULL = YES;
				CLANG_ANALYZER_NUMBER_OBJECT_CONVERSION = YES_AGGRESSIVE;
				CLANG_CXX_LANGUAGE_STANDARD = "gnu++14";
				CLANG_CXX_LIBRARY = "libc++";
				CLANG_ENABLE_MODULES = YES;
				CLANG_ENABLE_OBJC_ARC = YES;
				CLANG_ENABLE_OBJC_WEAK = YES;
				CLANG_WARN_BLOCK_CAPTURE_AUTORELEASING = YES;
				CLANG_WARN_BOOL_CONVERSION = YES;
				CLANG_WARN_COMMA = YES;
				CLANG_WARN_CONSTANT_CONVERSION = YES;
				CLANG_WARN_DEPRECATED_OBJC_IMPLEMENTATIONS = YES;
				CLANG_WARN_DIRECT_OBJC_ISA_USAGE = YES_ERROR;
				CLANG_WARN_DOCUMENTATION_COMMENTS = YES;
				CLANG_WARN_EMPTY_BODY = YES;
				CLANG_WARN_ENUM_CONVERSION = YES;
				CLANG_WARN_INFINITE_RECURSION = YES;
				CLANG_WARN_INT_CONVERSION = YES;
				CLANG_WARN_NON_LITERAL_NULL_CONVERSION = YES;
				CLANG_WARN_OBJC_IMPLICIT_RETAIN_SELF = YES;
				CLANG_WARN_OBJC_LITERAL_CONVERSION = YES;
				CLANG_WARN_OBJC_ROOT_CLASS = YES_ERROR;
				CLANG_WARN_RANGE_LOOP_ANALYSIS = YES;
				CLANG_WARN_STRICT_PROTOTYPES = YES;
				CLANG_WARN_SUSPICIOUS_MOVE = YES;
				CLANG_WARN_UNGUARDED_AVAILABILITY = YES_AGGRESSIVE;
				CLANG_WARN_UNREACHABLE_CODE = YES;
				CLANG_WARN__DUPLICATE_METHOD_MATCH = YES;
				CODE_SIGN_IDENTITY = "iPhone Developer";
				COPY_PHASE_STRIP = NO;
				DEBUG_INFORMATION_FORMAT = dwarf;
				ENABLE_STRICT_OBJC_MSGSEND = YES;
				ENABLE_TESTABILITY = YES;
				GCC_C_LANGUAGE_STANDARD = gnu11;
				GCC_DYNAMIC_NO_PIC = NO;
				GCC_NO_COMMON_BLOCKS = YES;
				GCC_OPTIMIZATION_LEVEL = 0;
				GCC_PREPROCESSOR_DEFINITIONS = (
					"DEBUG=1",
					"$(inherited)",
				);
				GCC_WARN_64_TO_32_BIT_CONVERSION = YES;
				GCC_WARN_ABOUT_RETURN_TYPE = YES_ERROR;
				GCC_WARN_UNDECLARED_SELECTOR = YES;
				GCC_WARN_UNINITIALIZED_AUTOS = YES_AGGRESSIVE;
				GCC_WARN_UNUSED_FUNCTION = YES;
				GCC_WARN_UNUSED_VARIABLE = YES;
				IPHONEOS_DEPLOYMENT_TARGET = 12.4;
				MTL_ENABLE_DEBUG_INFO = INCLUDE_SOURCE;
				MTL_FAST_MATH = YES;
				ONLY_ACTIVE_ARCH = YES;
				SDKROOT = iphoneos;
				SWIFT_ACTIVE_COMPILATION_CONDITIONS = DEBUG;
				SWIFT_OPTIMIZATION_LEVEL = "-Onone";
			};
			name = Debug;
		};
		FC03355A231DA5EF00B576D7 /* Release */ = {
			isa = XCBuildConfiguration;
			buildSettings = {
				ALWAYS_SEARCH_USER_PATHS = NO;
				CLANG_ANALYZER_NONNULL = YES;
				CLANG_ANALYZER_NUMBER_OBJECT_CONVERSION = YES_AGGRESSIVE;
				CLANG_CXX_LANGUAGE_STANDARD = "gnu++14";
				CLANG_CXX_LIBRARY = "libc++";
				CLANG_ENABLE_MODULES = YES;
				CLANG_ENABLE_OBJC_ARC = YES;
				CLANG_ENABLE_OBJC_WEAK = YES;
				CLANG_WARN_BLOCK_CAPTURE_AUTORELEASING = YES;
				CLANG_WARN_BOOL_CONVERSION = YES;
				CLANG_WARN_COMMA = YES;
				CLANG_WARN_CONSTANT_CONVERSION = YES;
				CLANG_WARN_DEPRECATED_OBJC_IMPLEMENTATIONS = YES;
				CLANG_WARN_DIRECT_OBJC_ISA_USAGE = YES_ERROR;
				CLANG_WARN_DOCUMENTATION_COMMENTS = YES;
				CLANG_WARN_EMPTY_BODY = YES;
				CLANG_WARN_ENUM_CONVERSION = YES;
				CLANG_WARN_INFINITE_RECURSION = YES;
				CLANG_WARN_INT_CONVERSION = YES;
				CLANG_WARN_NON_LITERAL_NULL_CONVERSION = YES;
				CLANG_WARN_OBJC_IMPLICIT_RETAIN_SELF = YES;
				CLANG_WARN_OBJC_LITERAL_CONVERSION = YES;
				CLANG_WARN_OBJC_ROOT_CLASS = YES_ERROR;
				CLANG_WARN_RANGE_LOOP_ANALYSIS = YES;
				CLANG_WARN_STRICT_PROTOTYPES = YES;
				CLANG_WARN_SUSPICIOUS_MOVE = YES;
				CLANG_WARN_UNGUARDED_AVAILABILITY = YES_AGGRESSIVE;
				CLANG_WARN_UNREACHABLE_CODE = YES;
				CLANG_WARN__DUPLICATE_METHOD_MATCH = YES;
				CODE_SIGN_IDENTITY = "iPhone Developer";
				COPY_PHASE_STRIP = NO;
				DEBUG_INFORMATION_FORMAT = "dwarf-with-dsym";
				ENABLE_NS_ASSERTIONS = NO;
				ENABLE_STRICT_OBJC_MSGSEND = YES;
				GCC_C_LANGUAGE_STANDARD = gnu11;
				GCC_NO_COMMON_BLOCKS = YES;
				GCC_WARN_64_TO_32_BIT_CONVERSION = YES;
				GCC_WARN_ABOUT_RETURN_TYPE = YES_ERROR;
				GCC_WARN_UNDECLARED_SELECTOR = YES;
				GCC_WARN_UNINITIALIZED_AUTOS = YES_AGGRESSIVE;
				GCC_WARN_UNUSED_FUNCTION = YES;
				GCC_WARN_UNUSED_VARIABLE = YES;
				IPHONEOS_DEPLOYMENT_TARGET = 12.4;
				MTL_ENABLE_DEBUG_INFO = NO;
				MTL_FAST_MATH = YES;
				SDKROOT = iphoneos;
				SWIFT_COMPILATION_MODE = wholemodule;
				SWIFT_OPTIMIZATION_LEVEL = "-O";
				VALIDATE_PRODUCT = YES;
			};
			name = Release;
		};
		FC03355C231DA5EF00B576D7 /* Debug */ = {
			isa = XCBuildConfiguration;
			buildSettings = {
				ASSETCATALOG_COMPILER_APPICON_NAME = AppIcon;
				CODE_SIGN_STYLE = Automatic;
				DEVELOPMENT_TEAM = C39EPG5VUE;
				INFOPLIST_FILE = "$(SRCROOT)/DollarsPerSecond/Resources/Info.plist";
				LD_RUNPATH_SEARCH_PATHS = (
					"$(inherited)",
					"@executable_path/Frameworks",
				);
				PRODUCT_BUNDLE_IDENTIFIER = com.kevintanner.DollarsPerSecond;
				PRODUCT_NAME = "$(TARGET_NAME)";
				SWIFT_VERSION = 5.0;
				TARGETED_DEVICE_FAMILY = "1,2";
			};
			name = Debug;
		};
		FC03355D231DA5EF00B576D7 /* Release */ = {
			isa = XCBuildConfiguration;
			buildSettings = {
				ASSETCATALOG_COMPILER_APPICON_NAME = AppIcon;
				CODE_SIGN_STYLE = Automatic;
				DEVELOPMENT_TEAM = C39EPG5VUE;
				INFOPLIST_FILE = "$(SRCROOT)/DollarsPerSecond/Resources/Info.plist";
				LD_RUNPATH_SEARCH_PATHS = (
					"$(inherited)",
					"@executable_path/Frameworks",
				);
				PRODUCT_BUNDLE_IDENTIFIER = com.kevintanner.DollarsPerSecond;
				PRODUCT_NAME = "$(TARGET_NAME)";
				SWIFT_VERSION = 5.0;
				TARGETED_DEVICE_FAMILY = "1,2";
			};
			name = Release;
		};
/* End XCBuildConfiguration section */

/* Begin XCConfigurationList section */
		FC033544231DA5EE00B576D7 /* Build configuration list for PBXProject "DollarsPerSecond" */ = {
			isa = XCConfigurationList;
			buildConfigurations = (
				FC033559231DA5EF00B576D7 /* Debug */,
				FC03355A231DA5EF00B576D7 /* Release */,
			);
			defaultConfigurationIsVisible = 0;
			defaultConfigurationName = Release;
		};
		FC03355B231DA5EF00B576D7 /* Build configuration list for PBXNativeTarget "DollarsPerSecond" */ = {
			isa = XCConfigurationList;
			buildConfigurations = (
				FC03355C231DA5EF00B576D7 /* Debug */,
				FC03355D231DA5EF00B576D7 /* Release */,
			);
			defaultConfigurationIsVisible = 0;
			defaultConfigurationName = Release;
		};
/* End XCConfigurationList section */
	};
	rootObject = FC033541231DA5EE00B576D7 /* Project object */;
}
